
Microsoft Visual Studio Solution File, Format Version 12.00
# Visual Studio Version 16
VisualStudioVersion = 16.0.31729.503
MinimumVisualStudioVersion = 10.0.40219.1
Project("{FAE04EC0-301F-11D3-BF4B-00C04F79EFBC}") = "EoSceneChanger", "EoSceneChanger\EoSceneChanger.csproj", "{EBBCA645-3045-494D-B4CD-C9AA3C4243BC}"
EndProject
Global
	GlobalSection(SolutionConfigurationPlatforms) = preSolution
		Debug|Any CPU = Debug|Any CPU
		Release|Any CPU = Release|Any CPU
	EndGlobalSection
	GlobalSection(ProjectConfigurationPlatforms) = postSolution
		{EBBCA645-3045-494D-B4CD-C9AA3C4243BC}.Debug|Any CPU.ActiveCfg = Debug|Any CPU
		{EBBCA645-3045-494D-B4CD-C9AA3C4243BC}.Debug|Any CPU.Build.0 = Debug|Any CPU
		{EBBCA645-3045-494D-B4CD-C9AA3C4243BC}.Release|Any CPU.ActiveCfg = Release|Any CPU
		{EBBCA645-3045-494D-B4CD-C9AA3C4243BC}.Release|Any CPU.Build.0 = Release|Any CPU
	EndGlobalSection
	GlobalSection(SolutionProperties) = preSolution
		HideSolutionNode = FALSE
	EndGlobalSection
	GlobalSection(ExtensibilityGlobals) = postSolution
		SolutionGuid = {4C465314-E890-4B18-BC2F-501556CE8ACD}
	EndGlobalSection
EndGlobal
